// !$*UTF8*$!
{
	archiveVersion = 1;
	classes = {
	};
	objectVersion = 50;
	objects = {

/* Begin PBXBuildFile section */
		49CDFE4D52F07093F91ACF8E /* Pods_Weather.framework in Frameworks */ = {isa = PBXBuildFile; fileRef = 011AE80CD6B8E1167E889A04 /* Pods_Weather.framework */; };
		7C24307A22B8377700397C97 /* FooterView.swift in Sources */ = {isa = PBXBuildFile; fileRef = 7C24307922B8377700397C97 /* FooterView.swift */; };
		7C24307D22B839A100397C97 /* FooterView.xib in Resources */ = {isa = PBXBuildFile; fileRef = 7C24307C22B839A100397C97 /* FooterView.xib */; };
		7D80564522271A8500CFDA7B /* AppDelegate.swift in Sources */ = {isa = PBXBuildFile; fileRef = 7D80564422271A8500CFDA7B /* AppDelegate.swift */; };
		7D80564A22271A8500CFDA7B /* Main.storyboard in Resources */ = {isa = PBXBuildFile; fileRef = 7D80564822271A8500CFDA7B /* Main.storyboard */; };
		7D80564D22271A8500CFDA7B /* Weather.xcdatamodeld in Sources */ = {isa = PBXBuildFile; fileRef = 7D80564B22271A8500CFDA7B /* Weather.xcdatamodeld */; };
		7D80564F22271A8600CFDA7B /* Assets.xcassets in Resources */ = {isa = PBXBuildFile; fileRef = 7D80564E22271A8600CFDA7B /* Assets.xcassets */; };
		7D80565222271A8600CFDA7B /* LaunchScreen.storyboard in Resources */ = {isa = PBXBuildFile; fileRef = 7D80565022271A8600CFDA7B /* LaunchScreen.storyboard */; };
		7D80565E2227240C00CFDA7B /* WeatherViewController.swift in Sources */ = {isa = PBXBuildFile; fileRef = 7D80565C2227240C00CFDA7B /* WeatherViewController.swift */; };
		7D80565F2227240C00CFDA7B /* WeatherViewController.xib in Resources */ = {isa = PBXBuildFile; fileRef = 7D80565D2227240C00CFDA7B /* WeatherViewController.xib */; };
		7D805663222729E300CFDA7B /* Objects.swift in Sources */ = {isa = PBXBuildFile; fileRef = 7D805662222729E300CFDA7B /* Objects.swift */; };
		7D80566622272BC300CFDA7B /* WeatherDataStore.swift in Sources */ = {isa = PBXBuildFile; fileRef = 7D80566522272BC300CFDA7B /* WeatherDataStore.swift */; };
		7D80566822272DD000CFDA7B /* WeatherService.swift in Sources */ = {isa = PBXBuildFile; fileRef = 7D80566722272DD000CFDA7B /* WeatherService.swift */; };
		7D80566A22272E7B00CFDA7B /* Settings.swift in Sources */ = {isa = PBXBuildFile; fileRef = 7D80566922272E7B00CFDA7B /* Settings.swift */; };
		7D9A84CE229F25C10074141C /* ListCityCell.xib in Resources */ = {isa = PBXBuildFile; fileRef = 7D9A84CD229F25C10074141C /* ListCityCell.xib */; };
		7D9A84D022A463270074141C /* ListCityCell.swift in Sources */ = {isa = PBXBuildFile; fileRef = 7D9A84CF22A463270074141C /* ListCityCell.swift */; };
		7D9A84D222A467660074141C /* Extensions.swift in Sources */ = {isa = PBXBuildFile; fileRef = 7D9A84D122A467660074141C /* Extensions.swift */; };
		7D9A9A3D224806A1007BCA2C /* CoreDataStore.swift in Sources */ = {isa = PBXBuildFile; fileRef = 7D9A9A3C224806A1007BCA2C /* CoreDataStore.swift */; };
		7D9A9A3F224812DE007BCA2C /* CoreData + Extensions.swift in Sources */ = {isa = PBXBuildFile; fileRef = 7D9A9A3E224812DE007BCA2C /* CoreData + Extensions.swift */; };
		7DAAD758222C71A70074F4BD /* Model.swift in Sources */ = {isa = PBXBuildFile; fileRef = 7DAAD757222C71A70074F4BD /* Model.swift */; };
		7DAAD75B222C77A50074F4BD /* FlickrDataStore.swift in Sources */ = {isa = PBXBuildFile; fileRef = 7DAAD75A222C77A50074F4BD /* FlickrDataStore.swift */; };
		7DAAD75D222F097D0074F4BD /* FlickrService.swift in Sources */ = {isa = PBXBuildFile; fileRef = 7DAAD75C222F097D0074F4BD /* FlickrService.swift */; };
		7DAAD75F222F15470074F4BD /* LocationService.swift in Sources */ = {isa = PBXBuildFile; fileRef = 7DAAD75E222F15470074F4BD /* LocationService.swift */; };
		7DDA70F2228C9B7900F095ED /* ListCityViewController.swift in Sources */ = {isa = PBXBuildFile; fileRef = 7DDA70F1228C9B7900F095ED /* ListCityViewController.swift */; };
		7DFBE3A4226524E40057F291 /* FindCityViewController.swift in Sources */ = {isa = PBXBuildFile; fileRef = 7DFBE3A3226524E40057F291 /* FindCityViewController.swift */; };
		7DFBE3A6226525040057F291 /* FindCityCell.xib in Resources */ = {isa = PBXBuildFile; fileRef = 7DFBE3A5226525040057F291 /* FindCityCell.xib */; };
		7DFBE3AA226533EA0057F291 /* GoogleAutocompletionService.swift in Sources */ = {isa = PBXBuildFile; fileRef = 7DFBE3A9226533EA0057F291 /* GoogleAutocompletionService.swift */; };
/* End PBXBuildFile section */

/* Begin PBXFileReference section */
		011AE80CD6B8E1167E889A04 /* Pods_Weather.framework */ = {isa = PBXFileReference; explicitFileType = wrapper.framework; includeInIndex = 0; path = Pods_Weather.framework; sourceTree = BUILT_PRODUCTS_DIR; };
		324D62DBC8D86824B5C170A2 /* Pods-Weather.debug.xcconfig */ = {isa = PBXFileReference; includeInIndex = 1; lastKnownFileType = text.xcconfig; name = "Pods-Weather.debug.xcconfig"; path = "Target Support Files/Pods-Weather/Pods-Weather.debug.xcconfig"; sourceTree = "<group>"; };
		7C24307922B8377700397C97 /* FooterView.swift */ = {isa = PBXFileReference; lastKnownFileType = sourcecode.swift; path = FooterView.swift; sourceTree = "<group>"; };
		7C24307C22B839A100397C97 /* FooterView.xib */ = {isa = PBXFileReference; lastKnownFileType = file.xib; path = FooterView.xib; sourceTree = SOURCE_ROOT; };
		7D80564122271A8500CFDA7B /* Weather.app */ = {isa = PBXFileReference; explicitFileType = wrapper.application; includeInIndex = 0; path = Weather.app; sourceTree = BUILT_PRODUCTS_DIR; };
		7D80564422271A8500CFDA7B /* AppDelegate.swift */ = {isa = PBXFileReference; lastKnownFileType = sourcecode.swift; path = AppDelegate.swift; sourceTree = "<group>"; };
		7D80564922271A8500CFDA7B /* Base */ = {isa = PBXFileReference; lastKnownFileType = file.storyboard; name = Base; path = Base.lproj/Main.storyboard; sourceTree = "<group>"; };
		7D80564C22271A8500CFDA7B /* Weather.xcdatamodel */ = {isa = PBXFileReference; lastKnownFileType = wrapper.xcdatamodel; path = Weather.xcdatamodel; sourceTree = "<group>"; };
		7D80564E22271A8600CFDA7B /* Assets.xcassets */ = {isa = PBXFileReference; lastKnownFileType = folder.assetcatalog; path = Assets.xcassets; sourceTree = "<group>"; };
		7D80565122271A8600CFDA7B /* Base */ = {isa = PBXFileReference; lastKnownFileType = file.storyboard; name = Base; path = Base.lproj/LaunchScreen.storyboard; sourceTree = "<group>"; };
		7D80565322271A8600CFDA7B /* Info.plist */ = {isa = PBXFileReference; lastKnownFileType = text.plist.xml; path = Info.plist; sourceTree = "<group>"; };
		7D80565C2227240C00CFDA7B /* WeatherViewController.swift */ = {isa = PBXFileReference; lastKnownFileType = sourcecode.swift; path = WeatherViewController.swift; sourceTree = "<group>"; };
		7D80565D2227240C00CFDA7B /* WeatherViewController.xib */ = {isa = PBXFileReference; lastKnownFileType = file.xib; path = WeatherViewController.xib; sourceTree = "<group>"; };
		7D805662222729E300CFDA7B /* Objects.swift */ = {isa = PBXFileReference; lastKnownFileType = sourcecode.swift; path = Objects.swift; sourceTree = "<group>"; };
		7D80566522272BC300CFDA7B /* WeatherDataStore.swift */ = {isa = PBXFileReference; lastKnownFileType = sourcecode.swift; path = WeatherDataStore.swift; sourceTree = "<group>"; };
		7D80566722272DD000CFDA7B /* WeatherService.swift */ = {isa = PBXFileReference; lastKnownFileType = sourcecode.swift; path = WeatherService.swift; sourceTree = "<group>"; };
		7D80566922272E7B00CFDA7B /* Settings.swift */ = {isa = PBXFileReference; lastKnownFileType = sourcecode.swift; path = Settings.swift; sourceTree = "<group>"; };
		7D9A84CD229F25C10074141C /* ListCityCell.xib */ = {isa = PBXFileReference; lastKnownFileType = file.xib; path = ListCityCell.xib; sourceTree = "<group>"; };
		7D9A84CF22A463270074141C /* ListCityCell.swift */ = {isa = PBXFileReference; lastKnownFileType = sourcecode.swift; path = ListCityCell.swift; sourceTree = "<group>"; };
		7D9A84D122A467660074141C /* Extensions.swift */ = {isa = PBXFileReference; lastKnownFileType = sourcecode.swift; path = Extensions.swift; sourceTree = "<group>"; };
		7D9A9A3C224806A1007BCA2C /* CoreDataStore.swift */ = {isa = PBXFileReference; lastKnownFileType = sourcecode.swift; path = CoreDataStore.swift; sourceTree = "<group>"; };
		7D9A9A3E224812DE007BCA2C /* CoreData + Extensions.swift */ = {isa = PBXFileReference; lastKnownFileType = sourcecode.swift; path = "CoreData + Extensions.swift"; sourceTree = "<group>"; };
		7DAAD757222C71A70074F4BD /* Model.swift */ = {isa = PBXFileReference; lastKnownFileType = sourcecode.swift; path = Model.swift; sourceTree = "<group>"; };
		7DAAD75A222C77A50074F4BD /* FlickrDataStore.swift */ = {isa = PBXFileReference; lastKnownFileType = sourcecode.swift; path = FlickrDataStore.swift; sourceTree = "<group>"; };
		7DAAD75C222F097D0074F4BD /* FlickrService.swift */ = {isa = PBXFileReference; lastKnownFileType = sourcecode.swift; path = FlickrService.swift; sourceTree = "<group>"; };
		7DAAD75E222F15470074F4BD /* LocationService.swift */ = {isa = PBXFileReference; lastKnownFileType = sourcecode.swift; path = LocationService.swift; sourceTree = "<group>"; };
		7DDA70F1228C9B7900F095ED /* ListCityViewController.swift */ = {isa = PBXFileReference; lastKnownFileType = sourcecode.swift; path = ListCityViewController.swift; sourceTree = "<group>"; };
		7DFBE3A3226524E40057F291 /* FindCityViewController.swift */ = {isa = PBXFileReference; lastKnownFileType = sourcecode.swift; path = FindCityViewController.swift; sourceTree = "<group>"; };
		7DFBE3A5226525040057F291 /* FindCityCell.xib */ = {isa = PBXFileReference; lastKnownFileType = file.xib; path = FindCityCell.xib; sourceTree = "<group>"; };
		7DFBE3A9226533EA0057F291 /* GoogleAutocompletionService.swift */ = {isa = PBXFileReference; lastKnownFileType = sourcecode.swift; path = GoogleAutocompletionService.swift; sourceTree = "<group>"; };
		F4C3B4B891874F7FB181975F /* Pods-Weather.release.xcconfig */ = {isa = PBXFileReference; includeInIndex = 1; lastKnownFileType = text.xcconfig; name = "Pods-Weather.release.xcconfig"; path = "Target Support Files/Pods-Weather/Pods-Weather.release.xcconfig"; sourceTree = "<group>"; };
/* End PBXFileReference section */

/* Begin PBXFrameworksBuildPhase section */
		7D80563E22271A8500CFDA7B /* Frameworks */ = {
			isa = PBXFrameworksBuildPhase;
			buildActionMask = 2147483647;
			files = (
				49CDFE4D52F07093F91ACF8E /* Pods_Weather.framework in Frameworks */,
			);
			runOnlyForDeploymentPostprocessing = 0;
		};
/* End PBXFrameworksBuildPhase section */

/* Begin PBXGroup section */
		45E4DA079FB4F6C76268EE1C /* Frameworks */ = {
			isa = PBXGroup;
			children = (
				011AE80CD6B8E1167E889A04 /* Pods_Weather.framework */,
			);
			name = Frameworks;
			sourceTree = "<group>";
		};
		7D2FAEFC224AA0A8004E8861 /* Other */ = {
			isa = PBXGroup;
			children = (
				7DAAD75C222F097D0074F4BD /* FlickrService.swift */,
				7DAAD75A222C77A50074F4BD /* FlickrDataStore.swift */,
			);
			path = Other;
			sourceTree = "<group>";
		};
		7D80563822271A8500CFDA7B = {
			isa = PBXGroup;
			children = (
				7D80564322271A8500CFDA7B /* Weather */,
				7D80564222271A8500CFDA7B /* Products */,
				B50BF2C34405726CC48B9F67 /* Pods */,
				45E4DA079FB4F6C76268EE1C /* Frameworks */,
			);
			sourceTree = "<group>";
		};
		7D80564222271A8500CFDA7B /* Products */ = {
			isa = PBXGroup;
			children = (
				7D80564122271A8500CFDA7B /* Weather.app */,
			);
			name = Products;
			sourceTree = "<group>";
		};
		7D80564322271A8500CFDA7B /* Weather */ = {
			isa = PBXGroup;
			children = (
				7D2FAEFC224AA0A8004E8861 /* Other */,
				7D80566422272B3000CFDA7B /* Moya */,
				7D80565C2227240C00CFDA7B /* WeatherViewController.swift */,
				7D805662222729E300CFDA7B /* Objects.swift */,
				7DFBE3A3226524E40057F291 /* FindCityViewController.swift */,
				7DFBE3A5226525040057F291 /* FindCityCell.xib */,
				7D9A84CD229F25C10074141C /* ListCityCell.xib */,
				7D9A84CF22A463270074141C /* ListCityCell.swift */,
				7D9A84D122A467660074141C /* Extensions.swift */,
				7DDA70F1228C9B7900F095ED /* ListCityViewController.swift */,
				7DAAD757222C71A70074F4BD /* Model.swift */,
				7C24307922B8377700397C97 /* FooterView.swift */,
				7C24307C22B839A100397C97 /* FooterView.xib */,
				7DAAD759222C75260074F4BD /* DataStore */,
				7D80566922272E7B00CFDA7B /* Settings.swift */,
				7D80565B222723E200CFDA7B /* Views */,
				7D80565A222723CD00CFDA7B /* CoreData */,
				7D805659222723A200CFDA7B /* Supporting Files */,
			);
			path = Weather;
			sourceTree = "<group>";
		};
		7D805659222723A200CFDA7B /* Supporting Files */ = {
			isa = PBXGroup;
			children = (
				7D80564422271A8500CFDA7B /* AppDelegate.swift */,
				7D80564822271A8500CFDA7B /* Main.storyboard */,
				7D80564E22271A8600CFDA7B /* Assets.xcassets */,
				7D80565022271A8600CFDA7B /* LaunchScreen.storyboard */,
				7D80565322271A8600CFDA7B /* Info.plist */,
			);
			path = "Supporting Files";
			sourceTree = "<group>";
		};
		7D80565A222723CD00CFDA7B /* CoreData */ = {
			isa = PBXGroup;
			children = (
				7D80564B22271A8500CFDA7B /* Weather.xcdatamodeld */,
			);
			path = CoreData;
			sourceTree = "<group>";
		};
		7D80565B222723E200CFDA7B /* Views */ = {
			isa = PBXGroup;
			children = (
				7D80565D2227240C00CFDA7B /* WeatherViewController.xib */,
			);
			path = Views;
			sourceTree = "<group>";
		};
		7D80566422272B3000CFDA7B /* Moya */ = {
			isa = PBXGroup;
			children = (
				7DFBE3A9226533EA0057F291 /* GoogleAutocompletionService.swift */,
				7D80566722272DD000CFDA7B /* WeatherService.swift */,
				7DAAD75E222F15470074F4BD /* LocationService.swift */,
			);
			path = Moya;
			sourceTree = "<group>";
		};
		7DAAD759222C75260074F4BD /* DataStore */ = {
			isa = PBXGroup;
			children = (
				7D80566522272BC300CFDA7B /* WeatherDataStore.swift */,
				7D9A9A3C224806A1007BCA2C /* CoreDataStore.swift */,
				7D9A9A3E224812DE007BCA2C /* CoreData + Extensions.swift */,
			);
			path = DataStore;
			sourceTree = "<group>";
		};
		B50BF2C34405726CC48B9F67 /* Pods */ = {
			isa = PBXGroup;
			children = (
				324D62DBC8D86824B5C170A2 /* Pods-Weather.debug.xcconfig */,
				F4C3B4B891874F7FB181975F /* Pods-Weather.release.xcconfig */,
			);
			path = Pods;
			sourceTree = "<group>";
		};
/* End PBXGroup section */

/* Begin PBXNativeTarget section */
		7D80564022271A8500CFDA7B /* Weather */ = {
			isa = PBXNativeTarget;
			buildConfigurationList = 7D80565622271A8600CFDA7B /* Build configuration list for PBXNativeTarget "Weather" */;
			buildPhases = (
				30E219265CBC346A748841A9 /* [CP] Check Pods Manifest.lock */,
				7D80563D22271A8500CFDA7B /* Sources */,
				7D80563E22271A8500CFDA7B /* Frameworks */,
				7D80563F22271A8500CFDA7B /* Resources */,
				049C3C33C2A99D1B84B0A75C /* [CP] Embed Pods Frameworks */,
			);
			buildRules = (
			);
			dependencies = (
			);
			name = Weather;
			productName = Weather;
			productReference = 7D80564122271A8500CFDA7B /* Weather.app */;
			productType = "com.apple.product-type.application";
		};
/* End PBXNativeTarget section */

/* Begin PBXProject section */
		7D80563922271A8500CFDA7B /* Project object */ = {
			isa = PBXProject;
			attributes = {
				LastSwiftUpdateCheck = 1010;
				LastUpgradeCheck = 1010;
				ORGANIZATIONNAME = Sapgv;
				TargetAttributes = {
					7D80564022271A8500CFDA7B = {
						CreatedOnToolsVersion = 10.1;
						LastSwiftMigration = 1020;
						SystemCapabilities = {
							com.apple.BackgroundModes = {
								enabled = 1;
							};
						};
					};
				};
			};
			buildConfigurationList = 7D80563C22271A8500CFDA7B /* Build configuration list for PBXProject "Weather" */;
			compatibilityVersion = "Xcode 9.3";
			developmentRegion = en;
			hasScannedForEncodings = 0;
			knownRegions = (
				en,
				Base,
			);
			mainGroup = 7D80563822271A8500CFDA7B;
			productRefGroup = 7D80564222271A8500CFDA7B /* Products */;
			projectDirPath = "";
			projectRoot = "";
			targets = (
				7D80564022271A8500CFDA7B /* Weather */,
			);
		};
/* End PBXProject section */

/* Begin PBXResourcesBuildPhase section */
		7D80563F22271A8500CFDA7B /* Resources */ = {
			isa = PBXResourcesBuildPhase;
			buildActionMask = 2147483647;
			files = (
				7C24307D22B839A100397C97 /* FooterView.xib in Resources */,
				7D80565222271A8600CFDA7B /* LaunchScreen.storyboard in Resources */,
				7DFBE3A6226525040057F291 /* FindCityCell.xib in Resources */,
				7D80565F2227240C00CFDA7B /* WeatherViewController.xib in Resources */,
				7D80564F22271A8600CFDA7B /* Assets.xcassets in Resources */,
				7D9A84CE229F25C10074141C /* ListCityCell.xib in Resources */,
				7D80564A22271A8500CFDA7B /* Main.storyboard in Resources */,
			);
			runOnlyForDeploymentPostprocessing = 0;
		};
/* End PBXResourcesBuildPhase section */

/* Begin PBXShellScriptBuildPhase section */
		049C3C33C2A99D1B84B0A75C /* [CP] Embed Pods Frameworks */ = {
			isa = PBXShellScriptBuildPhase;
			buildActionMask = 2147483647;
			files = (
			);
			inputFileListPaths = (
			);
			inputPaths = (
				"${PODS_ROOT}/Target Support Files/Pods-Weather/Pods-Weather-frameworks.sh",
				"${BUILT_PRODUCTS_DIR}/Alamofire/Alamofire.framework",
				"${BUILT_PRODUCTS_DIR}/Moya/Moya.framework",
				"${BUILT_PRODUCTS_DIR}/PromiseKit/PromiseKit.framework",
				"${BUILT_PRODUCTS_DIR}/Result/Result.framework",
			);
			name = "[CP] Embed Pods Frameworks";
			outputFileListPaths = (
			);
			outputPaths = (
				"${TARGET_BUILD_DIR}/${FRAMEWORKS_FOLDER_PATH}/Alamofire.framework",
				"${TARGET_BUILD_DIR}/${FRAMEWORKS_FOLDER_PATH}/Moya.framework",
				"${TARGET_BUILD_DIR}/${FRAMEWORKS_FOLDER_PATH}/PromiseKit.framework",
				"${TARGET_BUILD_DIR}/${FRAMEWORKS_FOLDER_PATH}/Result.framework",
			);
			runOnlyForDeploymentPostprocessing = 0;
			shellPath = /bin/sh;
			shellScript = "\"${PODS_ROOT}/Target Support Files/Pods-Weather/Pods-Weather-frameworks.sh\"\n";
			showEnvVarsInLog = 0;
		};
		30E219265CBC346A748841A9 /* [CP] Check Pods Manifest.lock */ = {
			isa = PBXShellScriptBuildPhase;
			buildActionMask = 2147483647;
			files = (
			);
			inputFileListPaths = (
			);
			inputPaths = (
				"${PODS_PODFILE_DIR_PATH}/Podfile.lock",
				"${PODS_ROOT}/Manifest.lock",
			);
			name = "[CP] Check Pods Manifest.lock";
			outputFileListPaths = (
			);
			outputPaths = (
				"$(DERIVED_FILE_DIR)/Pods-Weather-checkManifestLockResult.txt",
			);
			runOnlyForDeploymentPostprocessing = 0;
			shellPath = /bin/sh;
			shellScript = "diff \"${PODS_PODFILE_DIR_PATH}/Podfile.lock\" \"${PODS_ROOT}/Manifest.lock\" > /dev/null\nif [ $? != 0 ] ; then\n    # print error to STDERR\n    echo \"error: The sandbox is not in sync with the Podfile.lock. Run 'pod install' or update your CocoaPods installation.\" >&2\n    exit 1\nfi\n# This output is used by Xcode 'outputs' to avoid re-running this script phase.\necho \"SUCCESS\" > \"${SCRIPT_OUTPUT_FILE_0}\"\n";
			showEnvVarsInLog = 0;
		};
/* End PBXShellScriptBuildPhase section */

/* Begin PBXSourcesBuildPhase section */
		7D80563D22271A8500CFDA7B /* Sources */ = {
			isa = PBXSourcesBuildPhase;
			buildActionMask = 2147483647;
			files = (
				7D9A9A3F224812DE007BCA2C /* CoreData + Extensions.swift in Sources */,
				7D9A84D222A467660074141C /* Extensions.swift in Sources */,
				7C24307A22B8377700397C97 /* FooterView.swift in Sources */,
				7D80564D22271A8500CFDA7B /* Weather.xcdatamodeld in Sources */,
				7D80565E2227240C00CFDA7B /* WeatherViewController.swift in Sources */,
				7DAAD75D222F097D0074F4BD /* FlickrService.swift in Sources */,
				7D805663222729E300CFDA7B /* Objects.swift in Sources */,
				7DAAD75B222C77A50074F4BD /* FlickrDataStore.swift in Sources */,
				7DFBE3AA226533EA0057F291 /* GoogleAutocompletionService.swift in Sources */,
				7D9A9A3D224806A1007BCA2C /* CoreDataStore.swift in Sources */,
				7DFBE3A4226524E40057F291 /* FindCityViewController.swift in Sources */,
				7D80566622272BC300CFDA7B /* WeatherDataStore.swift in Sources */,
				7DAAD75F222F15470074F4BD /* LocationService.swift in Sources */,
				7D80566A22272E7B00CFDA7B /* Settings.swift in Sources */,
				7D80566822272DD000CFDA7B /* WeatherService.swift in Sources */,
				7D9A84D022A463270074141C /* ListCityCell.swift in Sources */,
				7DDA70F2228C9B7900F095ED /* ListCityViewController.swift in Sources */,
				7D80564522271A8500CFDA7B /* AppDelegate.swift in Sources */,
				7DAAD758222C71A70074F4BD /* Model.swift in Sources */,
			);
			runOnlyForDeploymentPostprocessing = 0;
		};
/* End PBXSourcesBuildPhase section */

/* Begin PBXVariantGroup section */
		7D80564822271A8500CFDA7B /* Main.storyboard */ = {
			isa = PBXVariantGroup;
			children = (
				7D80564922271A8500CFDA7B /* Base */,
			);
			name = Main.storyboard;
			sourceTree = "<group>";
		};
		7D80565022271A8600CFDA7B /* LaunchScreen.storyboard */ = {
			isa = PBXVariantGroup;
			children = (
				7D80565122271A8600CFDA7B /* Base */,
			);
			name = LaunchScreen.storyboard;
			sourceTree = "<group>";
		};
/* End PBXVariantGroup section */

/* Begin XCBuildConfiguration section */
		7D80565422271A8600CFDA7B /* Debug */ = {
			isa = XCBuildConfiguration;
			buildSettings = {
				ALWAYS_SEARCH_USER_PATHS = NO;
				CLANG_ANALYZER_NONNULL = YES;
				CLANG_ANALYZER_NUMBER_OBJECT_CONVERSION = YES_AGGRESSIVE;
				CLANG_CXX_LANGUAGE_STANDARD = "gnu++14";
				CLANG_CXX_LIBRARY = "libc++";
				CLANG_ENABLE_MODULES = YES;
				CLANG_ENABLE_OBJC_ARC = YES;
				CLANG_ENABLE_OBJC_WEAK = YES;
				CLANG_WARN_BLOCK_CAPTURE_AUTORELEASING = YES;
				CLANG_WARN_BOOL_CONVERSION = YES;
				CLANG_WARN_COMMA = YES;
				CLANG_WARN_CONSTANT_CONVERSION = YES;
				CLANG_WARN_DEPRECATED_OBJC_IMPLEMENTATIONS = YES;
				CLANG_WARN_DIRECT_OBJC_ISA_USAGE = YES_ERROR;
				CLANG_WARN_DOCUMENTATION_COMMENTS = YES;
				CLANG_WARN_EMPTY_BODY = YES;
				CLANG_WARN_ENUM_CONVERSION = YES;
				CLANG_WARN_INFINITE_RECURSION = YES;
				CLANG_WARN_INT_CONVERSION = YES;
				CLANG_WARN_NON_LITERAL_NULL_CONVERSION = YES;
				CLANG_WARN_OBJC_IMPLICIT_RETAIN_SELF = YES;
				CLANG_WARN_OBJC_LITERAL_CONVERSION = YES;
				CLANG_WARN_OBJC_ROOT_CLASS = YES_ERROR;
				CLANG_WARN_RANGE_LOOP_ANALYSIS = YES;
				CLANG_WARN_STRICT_PROTOTYPES = YES;
				CLANG_WARN_SUSPICIOUS_MOVE = YES;
				CLANG_WARN_UNGUARDED_AVAILABILITY = YES_AGGRESSIVE;
				CLANG_WARN_UNREACHABLE_CODE = YES;
				CLANG_WARN__DUPLICATE_METHOD_MATCH = YES;
				CODE_SIGN_IDENTITY = "iPhone Developer";
				COPY_PHASE_STRIP = NO;
				DEBUG_INFORMATION_FORMAT = dwarf;
				ENABLE_STRICT_OBJC_MSGSEND = YES;
				ENABLE_TESTABILITY = YES;
				GCC_C_LANGUAGE_STANDARD = gnu11;
				GCC_DYNAMIC_NO_PIC = NO;
				GCC_NO_COMMON_BLOCKS = YES;
				GCC_OPTIMIZATION_LEVEL = 0;
				GCC_PREPROCESSOR_DEFINITIONS = (
					"DEBUG=1",
					"$(inherited)",
				);
				GCC_WARN_64_TO_32_BIT_CONVERSION = YES;
				GCC_WARN_ABOUT_RETURN_TYPE = YES_ERROR;
				GCC_WARN_UNDECLARED_SELECTOR = YES;
				GCC_WARN_UNINITIALIZED_AUTOS = YES_AGGRESSIVE;
				GCC_WARN_UNUSED_FUNCTION = YES;
				GCC_WARN_UNUSED_VARIABLE = YES;
				IPHONEOS_DEPLOYMENT_TARGET = 12.0;
				MTL_ENABLE_DEBUG_INFO = INCLUDE_SOURCE;
				MTL_FAST_MATH = YES;
				ONLY_ACTIVE_ARCH = YES;
				SDKROOT = iphoneos;
				SWIFT_ACTIVE_COMPILATION_CONDITIONS = DEBUG;
				SWIFT_OPTIMIZATION_LEVEL = "-Onone";
				SWIFT_VERSION = 5.0;
			};
			name = Debug;
		};
		7D80565522271A8600CFDA7B /* Release */ = {
			isa = XCBuildConfiguration;
			buildSettings = {
				ALWAYS_SEARCH_USER_PATHS = NO;
				CLANG_ANALYZER_NONNULL = YES;
				CLANG_ANALYZER_NUMBER_OBJECT_CONVERSION = YES_AGGRESSIVE;
				CLANG_CXX_LANGUAGE_STANDARD = "gnu++14";
				CLANG_CXX_LIBRARY = "libc++";
				CLANG_ENABLE_MODULES = YES;
				CLANG_ENABLE_OBJC_ARC = YES;
				CLANG_ENABLE_OBJC_WEAK = YES;
				CLANG_WARN_BLOCK_CAPTURE_AUTORELEASING = YES;
				CLANG_WARN_BOOL_CONVERSION = YES;
				CLANG_WARN_COMMA = YES;
				CLANG_WARN_CONSTANT_CONVERSION = YES;
				CLANG_WARN_DEPRECATED_OBJC_IMPLEMENTATIONS = YES;
				CLANG_WARN_DIRECT_OBJC_ISA_USAGE = YES_ERROR;
				CLANG_WARN_DOCUMENTATION_COMMENTS = YES;
				CLANG_WARN_EMPTY_BODY = YES;
				CLANG_WARN_ENUM_CONVERSION = YES;
				CLANG_WARN_INFINITE_RECURSION = YES;
				CLANG_WARN_INT_CONVERSION = YES;
				CLANG_WARN_NON_LITERAL_NULL_CONVERSION = YES;
				CLANG_WARN_OBJC_IMPLICIT_RETAIN_SELF = YES;
				CLANG_WARN_OBJC_LITERAL_CONVERSION = YES;
				CLANG_WARN_OBJC_ROOT_CLASS = YES_ERROR;
				CLANG_WARN_RANGE_LOOP_ANALYSIS = YES;
				CLANG_WARN_STRICT_PROTOTYPES = YES;
				CLANG_WARN_SUSPICIOUS_MOVE = YES;
				CLANG_WARN_UNGUARDED_AVAILABILITY = YES_AGGRESSIVE;
				CLANG_WARN_UNREACHABLE_CODE = YES;
				CLANG_WARN__DUPLICATE_METHOD_MATCH = YES;
				CODE_SIGN_IDENTITY = "iPhone Developer";
				COPY_PHASE_STRIP = NO;
				DEBUG_INFORMATION_FORMAT = "dwarf-with-dsym";
				ENABLE_NS_ASSERTIONS = NO;
				ENABLE_STRICT_OBJC_MSGSEND = YES;
				GCC_C_LANGUAGE_STANDARD = gnu11;
				GCC_NO_COMMON_BLOCKS = YES;
				GCC_WARN_64_TO_32_BIT_CONVERSION = YES;
				GCC_WARN_ABOUT_RETURN_TYPE = YES_ERROR;
				GCC_WARN_UNDECLARED_SELECTOR = YES;
				GCC_WARN_UNINITIALIZED_AUTOS = YES_AGGRESSIVE;
				GCC_WARN_UNUSED_FUNCTION = YES;
				GCC_WARN_UNUSED_VARIABLE = YES;
				IPHONEOS_DEPLOYMENT_TARGET = 12.0;
				MTL_ENABLE_DEBUG_INFO = NO;
				MTL_FAST_MATH = YES;
				SDKROOT = iphoneos;
				SWIFT_COMPILATION_MODE = wholemodule;
				SWIFT_OPTIMIZATION_LEVEL = "-O";
				SWIFT_VERSION = 5.0;
				VALIDATE_PRODUCT = YES;
			};
			name = Release;
		};
		7D80565722271A8600CFDA7B /* Debug */ = {
			isa = XCBuildConfiguration;
			baseConfigurationReference = 324D62DBC8D86824B5C170A2 /* Pods-Weather.debug.xcconfig */;
			buildSettings = {
				ASSETCATALOG_COMPILER_APPICON_NAME = AppIcon;
				CODE_SIGN_STYLE = Automatic;
				DEVELOPMENT_TEAM = KTV28US9SX;
				INFOPLIST_FILE = "$(SRCROOT)/Weather/Supporting Files/Info.plist";
				LD_RUNPATH_SEARCH_PATHS = (
					"$(inherited)",
					"@executable_path/Frameworks",
				);
				PRODUCT_BUNDLE_IDENTIFIER = com.sapgv.Weather;
				PRODUCT_NAME = "$(TARGET_NAME)";
				SWIFT_VERSION = 5.0;
				TARGETED_DEVICE_FAMILY = 1;
			};
			name = Debug;
		};
		7D80565822271A8600CFDA7B /* Release */ = {
			isa = XCBuildConfiguration;
			baseConfigurationReference = F4C3B4B891874F7FB181975F /* Pods-Weather.release.xcconfig */;
			buildSettings = {
				ASSETCATALOG_COMPILER_APPICON_NAME = AppIcon;
				CODE_SIGN_STYLE = Automatic;
				DEVELOPMENT_TEAM = KTV28US9SX;
				INFOPLIST_FILE = "$(SRCROOT)/Weather/Supporting Files/Info.plist";
				LD_RUNPATH_SEARCH_PATHS = (
					"$(inherited)",
					"@executable_path/Frameworks",
				);
				PRODUCT_BUNDLE_IDENTIFIER = com.sapgv.Weather;
				PRODUCT_NAME = "$(TARGET_NAME)";
				SWIFT_VERSION = 5.0;
				TARGETED_DEVICE_FAMILY = 1;
			};
			name = Release;
		};
/* End XCBuildConfiguration section */

/* Begin XCConfigurationList section */
		7D80563C22271A8500CFDA7B /* Build configuration list for PBXProject "Weather" */ = {
			isa = XCConfigurationList;
			buildConfigurations = (
				7D80565422271A8600CFDA7B /* Debug */,
				7D80565522271A8600CFDA7B /* Release */,
			);
			defaultConfigurationIsVisible = 0;
			defaultConfigurationName = Release;
		};
		7D80565622271A8600CFDA7B /* Build configuration list for PBXNativeTarget "Weather" */ = {
			isa = XCConfigurationList;
			buildConfigurations = (
				7D80565722271A8600CFDA7B /* Debug */,
				7D80565822271A8600CFDA7B /* Release */,
			);
			defaultConfigurationIsVisible = 0;
			defaultConfigurationName = Release;
		};
/* End XCConfigurationList section */

/* Begin XCVersionGroup section */
		7D80564B22271A8500CFDA7B /* Weather.xcdatamodeld */ = {
			isa = XCVersionGroup;
			children = (
				7D80564C22271A8500CFDA7B /* Weather.xcdatamodel */,
			);
			currentVersion = 7D80564C22271A8500CFDA7B /* Weather.xcdatamodel */;
			path = Weather.xcdatamodeld;
			sourceTree = "<group>";
			versionGroupType = wrapper.xcdatamodel;
		};
/* End XCVersionGroup section */
	};
	rootObject = 7D80563922271A8500CFDA7B /* Project object */;
}
